
Microsoft Visual Studio Solution File, Format Version 12.00
# Visual Studio Version 17
VisualStudioVersion = 17.5.33516.290
MinimumVisualStudioVersion = 10.0.40219.1
Project("{FAE04EC0-301F-11D3-BF4B-00C04F79EFBC}") = "WebApplication1", "WebApplication1\WebApplication1.csproj", "{CD521A93-4AF0-454C-910D-8444386394AA}"
EndProject
Global
	GlobalSection(SolutionConfigurationPlatforms) = preSolution
		Debug|Any CPU = Debug|Any CPU
		Release|Any CPU = Release|Any CPU
	EndGlobalSection
	GlobalSection(ProjectConfigurationPlatforms) = postSolution
		{CD521A93-4AF0-454C-910D-8444386394AA}.Debug|Any CPU.ActiveCfg = Debug|Any CPU
		{CD521A93-4AF0-454C-910D-8444386394AA}.Debug|Any CPU.Build.0 = Debug|Any CPU
		{CD521A93-4AF0-454C-910D-8444386394AA}.Release|Any CPU.ActiveCfg = Release|Any CPU
		{CD521A93-4AF0-454C-910D-8444386394AA}.Release|Any CPU.Build.0 = Release|Any CPU
	EndGlobalSection
	GlobalSection(SolutionProperties) = preSolution
		HideSolutionNode = FALSE
	EndGlobalSection
	GlobalSection(ExtensibilityGlobals) = postSolution
		SolutionGuid = {BB46025E-15F2-4149-B59B-FCC674133CF2}
	EndGlobalSection
EndGlobal
